
Microsoft Visual Studio Solution File, Format Version 12.00
# Visual Studio 15
VisualStudioVersion = 15.0.28307.136
MinimumVisualStudioVersion = 10.0.40219.1
Project("{FAE04EC0-301F-11D3-BF4B-00C04F79EFBC}") = "MathApp", "MathApp\MathApp.csproj", "{F11461B7-6B21-4FCA-B77F-4FF43C917885}"
EndProject
Global
	GlobalSection(SolutionConfigurationPlatforms) = preSolution
		Debug|Any CPU = Debug|Any CPU
		Release|Any CPU = Release|Any CPU
	EndGlobalSection
	GlobalSection(ProjectConfigurationPlatforms) = postSolution
		{F11461B7-6B21-4FCA-B77F-4FF43C917885}.Debug|Any CPU.ActiveCfg = Debug|Any CPU
		{F11461B7-6B21-4FCA-B77F-4FF43C917885}.Debug|Any CPU.Build.0 = Debug|Any CPU
		{F11461B7-6B21-4FCA-B77F-4FF43C917885}.Release|Any CPU.ActiveCfg = Release|Any CPU
		{F11461B7-6B21-4FCA-B77F-4FF43C917885}.Release|Any CPU.Build.0 = Release|Any CPU
	EndGlobalSection
	GlobalSection(SolutionProperties) = preSolution
		HideSolutionNode = FALSE
	EndGlobalSection
	GlobalSection(ExtensibilityGlobals) = postSolution
		SolutionGuid = {DC3C4ECC-A9F4-4EF0-B733-0569E6458A66}
	EndGlobalSection
EndGlobal
